{
    "name": "my-smart-contract",
    "version": "1.0.0",
    "lockfileVersion": 2,
    "requires": true,
    "dependencies": {
      "truffle": {
        "version": "5.11.5",
        "resolved": "https://registry.npmjs.org/truffle/-/truffle-5.11.5.tgz",
        "integrity": "sha512-XXXX",
        "dev": true,
        "requires": {
          "@truffle/contract": "^4.5.0",
          "@truffle/migrate": "^3.5.0"
        }
      },
      "@openzeppelin/contracts": {
        "version": "4.9.3",
        "resolved": "https://registry.npmjs.org/@openzeppelin/contracts/-/contracts-4.9.3.tgz",
        "integrity": "sha512-XXXX"
      },
      "ganache": {
        "version": "7.8.0",
        "resolved": "https://registry.npmjs.org/ganache/-/ganache-7.8.0.tgz",
        "integrity": "sha512-XXXX",
        "dev": true
      }
    }
  }  